{
    "_meta": {
        "hash": {
            "sha256": "8fe51313acba82a10278adb27d7653f71bd76c85dea69ecbfb1660c7aec2d380"
        },
        "pipfile-spec": 6,
        "requires": {
            "python_version": "3.7"
        },
        "sources": [
            {
                "name": "pypi",
                "url": "https://pypi.tuna.tsinghua.edu.cn/simple",
                "verify_ssl": true
            }
        ]
    },
    "default": {
        "fake-bpy-module-2-92": {
            "hashes": [
                "sha256:45a19d1d43419cb7449b1b186f5c33dd27077d2dccd5dbfb7ec7e42cce961b33",
                "sha256:f537535ffc0a8c85dade036d6fb159ba13725150f7413d5873e3b2aa1362fb08"
            ],
            "index": "pypi",
            "version": "==20210304"
        }
    },
    "develop": {}
}
