{
    "_meta": {
        "hash": {
            "sha256": "6563f39f1072d8cb41de64f9914c4bb3bf893da2c787c553fd715a5e89f8936d"
        },
        "pipfile-spec": 6,
        "requires": {
            "python_version": "3.7"
        },
        "sources": [
            {
                "name": "pypi",
                "url": "https://pypi.tuna.tsinghua.edu.cn/simple",
                "verify_ssl": true
            }
        ]
    },
    "default": {
        "fake-bpy-module-2.91": {
            "hashes": [
                "sha256:2974bd203d68ef664cf5b7a7e8110e3ff27addee7aa6f822f4a3d2f28ce1c295",
                "sha256:3168d700a68ec238df3bed4c2c26358dc3ddc528e25de8e90cdb1c0977eeabdc"
            ],
            "index": "pypi",
            "version": "==20201216"
        }
    },
    "develop": {}
}
